// !$*UTF8*$!
{
	archiveVersion = 1;
	classes = {
	};
	objectVersion = 46;
	objects = {

/* Begin PBXBuildFile section */
		3A7F4C6D1D6A328B003D3B6F /* CoreFlightAnimation.h in Headers */ = {isa = PBXBuildFile; fileRef = 3A7F4C6C1D6A328B003D3B6F /* CoreFlightAnimation.h */; };
		3A7F4C6E1D6A328B003D3B6F /* CoreFlightAnimation.h in Headers */ = {isa = PBXBuildFile; fileRef = 3A7F4C6C1D6A328B003D3B6F /* CoreFlightAnimation.h */; };
		3A7F4C6F1D6A328B003D3B6F /* CoreFlightAnimation.h in Headers */ = {isa = PBXBuildFile; fileRef = 3A7F4C6C1D6A328B003D3B6F /* CoreFlightAnimation.h */; };
		3A7F4C711D6A36FE003D3B6F /* Source in Resources */ = {isa = PBXBuildFile; fileRef = 3A7F4C701D6A36FE003D3B6F /* Source */; };
		3A7F4C721D6A36FE003D3B6F /* Source in Resources */ = {isa = PBXBuildFile; fileRef = 3A7F4C701D6A36FE003D3B6F /* Source */; };
		3A7F4C731D6A36FE003D3B6F /* Source in Resources */ = {isa = PBXBuildFile; fileRef = 3A7F4C701D6A36FE003D3B6F /* Source */; };
/* End PBXBuildFile section */

/* Begin PBXFileReference section */
		3A7F4C451D6A30C3003D3B6F /* CoreFlightAnimation-iOS.framework */ = {isa = PBXFileReference; explicitFileType = wrapper.framework; includeInIndex = 0; path = "CoreFlightAnimation-iOS.framework"; sourceTree = BUILT_PRODUCTS_DIR; };
		3A7F4C531D6A30E1003D3B6F /* CoreFlightAnimation-tvOS.framework */ = {isa = PBXFileReference; explicitFileType = wrapper.framework; includeInIndex = 0; path = "CoreFlightAnimation-tvOS.framework"; sourceTree = BUILT_PRODUCTS_DIR; };
		3A7F4C601D6A310C003D3B6F /* CoreFlightAnimation-OSX.framework */ = {isa = PBXFileReference; explicitFileType = wrapper.framework; includeInIndex = 0; path = "CoreFlightAnimation-OSX.framework"; sourceTree = BUILT_PRODUCTS_DIR; };
		3A7F4C691D6A3191003D3B6F /* Info-iOS.plist */ = {isa = PBXFileReference; lastKnownFileType = text.plist.xml; path = "Info-iOS.plist"; sourceTree = "<group>"; };
		3A7F4C6A1D6A3191003D3B6F /* Info-OSX.plist */ = {isa = PBXFileReference; lastKnownFileType = text.plist.xml; path = "Info-OSX.plist"; sourceTree = "<group>"; };
		3A7F4C6B1D6A3191003D3B6F /* Info-tvOS.plist */ = {isa = PBXFileReference; lastKnownFileType = text.plist.xml; path = "Info-tvOS.plist"; sourceTree = "<group>"; };
		3A7F4C6C1D6A328B003D3B6F /* CoreFlightAnimation.h */ = {isa = PBXFileReference; fileEncoding = 4; lastKnownFileType = sourcecode.c.h; path = CoreFlightAnimation.h; sourceTree = "<group>"; };
		3A7F4C701D6A36FE003D3B6F /* Source */ = {isa = PBXFileReference; lastKnownFileType = folder; name = Source; path = ../../Source; sourceTree = "<group>"; };
/* End PBXFileReference section */

/* Begin PBXFrameworksBuildPhase section */
		3A7F4C411D6A30C3003D3B6F /* Frameworks */ = {
			isa = PBXFrameworksBuildPhase;
			buildActionMask = 2147483647;
			files = (
			);
			runOnlyForDeploymentPostprocessing = 0;
		};
		3A7F4C4F1D6A30E1003D3B6F /* Frameworks */ = {
			isa = PBXFrameworksBuildPhase;
			buildActionMask = 2147483647;
			files = (
			);
			runOnlyForDeploymentPostprocessing = 0;
		};
		3A7F4C5C1D6A310C003D3B6F /* Frameworks */ = {
			isa = PBXFrameworksBuildPhase;
			buildActionMask = 2147483647;
			files = (
			);
			runOnlyForDeploymentPostprocessing = 0;
		};
/* End PBXFrameworksBuildPhase section */

/* Begin PBXGroup section */
		3A7F4C391D6A308E003D3B6F = {
			isa = PBXGroup;
			children = (
				3A7F4C701D6A36FE003D3B6F /* Source */,
				3A7F4C681D6A3191003D3B6F /* Shared */,
				3A7F4C461D6A30C3003D3B6F /* Products */,
			);
			sourceTree = "<group>";
		};
		3A7F4C461D6A30C3003D3B6F /* Products */ = {
			isa = PBXGroup;
			children = (
				3A7F4C451D6A30C3003D3B6F /* CoreFlightAnimation-iOS.framework */,
				3A7F4C531D6A30E1003D3B6F /* CoreFlightAnimation-tvOS.framework */,
				3A7F4C601D6A310C003D3B6F /* CoreFlightAnimation-OSX.framework */,
			);
			name = Products;
			sourceTree = "<group>";
		};
		3A7F4C681D6A3191003D3B6F /* Shared */ = {
			isa = PBXGroup;
			children = (
				3A7F4C6C1D6A328B003D3B6F /* CoreFlightAnimation.h */,
				3A7F4C691D6A3191003D3B6F /* Info-iOS.plist */,
				3A7F4C6A1D6A3191003D3B6F /* Info-OSX.plist */,
				3A7F4C6B1D6A3191003D3B6F /* Info-tvOS.plist */,
			);
			path = Shared;
			sourceTree = "<group>";
		};
/* End PBXGroup section */

/* Begin PBXHeadersBuildPhase section */
		3A7F4C421D6A30C3003D3B6F /* Headers */ = {
			isa = PBXHeadersBuildPhase;
			buildActionMask = 2147483647;
			files = (
				3A7F4C6D1D6A328B003D3B6F /* CoreFlightAnimation.h in Headers */,
			);
			runOnlyForDeploymentPostprocessing = 0;
		};
		3A7F4C501D6A30E1003D3B6F /* Headers */ = {
			isa = PBXHeadersBuildPhase;
			buildActionMask = 2147483647;
			files = (
				3A7F4C6E1D6A328B003D3B6F /* CoreFlightAnimation.h in Headers */,
			);
			runOnlyForDeploymentPostprocessing = 0;
		};
		3A7F4C5D1D6A310C003D3B6F /* Headers */ = {
			isa = PBXHeadersBuildPhase;
			buildActionMask = 2147483647;
			files = (
				3A7F4C6F1D6A328B003D3B6F /* CoreFlightAnimation.h in Headers */,
			);
			runOnlyForDeploymentPostprocessing = 0;
		};
/* End PBXHeadersBuildPhase section */

/* Begin PBXNativeTarget section */
		3A7F4C441D6A30C3003D3B6F /* CoreFlightAnimation-iOS */ = {
			isa = PBXNativeTarget;
			buildConfigurationList = 3A7F4C4B1D6A30C3003D3B6F /* Build configuration list for PBXNativeTarget "CoreFlightAnimation-iOS" */;
			buildPhases = (
				3A7F4C401D6A30C3003D3B6F /* Sources */,
				3A7F4C411D6A30C3003D3B6F /* Frameworks */,
				3A7F4C421D6A30C3003D3B6F /* Headers */,
				3A7F4C431D6A30C3003D3B6F /* Resources */,
			);
			buildRules = (
			);
			dependencies = (
			);
			name = "CoreFlightAnimation-iOS";
			productName = "CoreFlightAnimation-iOS";
			productReference = 3A7F4C451D6A30C3003D3B6F /* CoreFlightAnimation-iOS.framework */;
			productType = "com.apple.product-type.framework";
		};
		3A7F4C521D6A30E1003D3B6F /* CoreFlightAnimation-tvOS */ = {
			isa = PBXNativeTarget;
			buildConfigurationList = 3A7F4C581D6A30E1003D3B6F /* Build configuration list for PBXNativeTarget "CoreFlightAnimation-tvOS" */;
			buildPhases = (
				3A7F4C4E1D6A30E1003D3B6F /* Sources */,
				3A7F4C4F1D6A30E1003D3B6F /* Frameworks */,
				3A7F4C501D6A30E1003D3B6F /* Headers */,
				3A7F4C511D6A30E1003D3B6F /* Resources */,
			);
			buildRules = (
			);
			dependencies = (
			);
			name = "CoreFlightAnimation-tvOS";
			productName = "CoreFlightAnimation-tvOS";
			productReference = 3A7F4C531D6A30E1003D3B6F /* CoreFlightAnimation-tvOS.framework */;
			productType = "com.apple.product-type.framework";
		};
		3A7F4C5F1D6A310C003D3B6F /* CoreFlightAnimation-OSX */ = {
			isa = PBXNativeTarget;
			buildConfigurationList = 3A7F4C651D6A310C003D3B6F /* Build configuration list for PBXNativeTarget "CoreFlightAnimation-OSX" */;
			buildPhases = (
				3A7F4C5B1D6A310C003D3B6F /* Sources */,
				3A7F4C5C1D6A310C003D3B6F /* Frameworks */,
				3A7F4C5D1D6A310C003D3B6F /* Headers */,
				3A7F4C5E1D6A310C003D3B6F /* Resources */,
			);
			buildRules = (
			);
			dependencies = (
			);
			name = "CoreFlightAnimation-OSX";
			productName = "CoreFlightAnimation-OSX";
			productReference = 3A7F4C601D6A310C003D3B6F /* CoreFlightAnimation-OSX.framework */;
			productType = "com.apple.product-type.framework";
		};
/* End PBXNativeTarget section */

/* Begin PBXProject section */
		3A7F4C3A1D6A308E003D3B6F /* Project object */ = {
			isa = PBXProject;
			attributes = {
				LastUpgradeCheck = 0730;
				TargetAttributes = {
					3A7F4C441D6A30C3003D3B6F = {
						CreatedOnToolsVersion = 7.3.1;
					};
					3A7F4C521D6A30E1003D3B6F = {
						CreatedOnToolsVersion = 7.3.1;
					};
					3A7F4C5F1D6A310C003D3B6F = {
						CreatedOnToolsVersion = 7.3.1;
					};
				};
			};
			buildConfigurationList = 3A7F4C3D1D6A308E003D3B6F /* Build configuration list for PBXProject "CoreFlightAnimation" */;
			compatibilityVersion = "Xcode 3.2";
			developmentRegion = English;
			hasScannedForEncodings = 0;
			knownRegions = (
				en,
			);
			mainGroup = 3A7F4C391D6A308E003D3B6F;
			productRefGroup = 3A7F4C461D6A30C3003D3B6F /* Products */;
			projectDirPath = "";
			projectRoot = "";
			targets = (
				3A7F4C441D6A30C3003D3B6F /* CoreFlightAnimation-iOS */,
				3A7F4C521D6A30E1003D3B6F /* CoreFlightAnimation-tvOS */,
				3A7F4C5F1D6A310C003D3B6F /* CoreFlightAnimation-OSX */,
			);
		};
/* End PBXProject section */

/* Begin PBXResourcesBuildPhase section */
		3A7F4C431D6A30C3003D3B6F /* Resources */ = {
			isa = PBXResourcesBuildPhase;
			buildActionMask = 2147483647;
			files = (
				3A7F4C711D6A36FE003D3B6F /* Source in Resources */,
			);
			runOnlyForDeploymentPostprocessing = 0;
		};
		3A7F4C511D6A30E1003D3B6F /* Resources */ = {
			isa = PBXResourcesBuildPhase;
			buildActionMask = 2147483647;
			files = (
				3A7F4C721D6A36FE003D3B6F /* Source in Resources */,
			);
			runOnlyForDeploymentPostprocessing = 0;
		};
		3A7F4C5E1D6A310C003D3B6F /* Resources */ = {
			isa = PBXResourcesBuildPhase;
			buildActionMask = 2147483647;
			files = (
				3A7F4C731D6A36FE003D3B6F /* Source in Resources */,
			);
			runOnlyForDeploymentPostprocessing = 0;
		};
/* End PBXResourcesBuildPhase section */

/* Begin PBXSourcesBuildPhase section */
		3A7F4C401D6A30C3003D3B6F /* Sources */ = {
			isa = PBXSourcesBuildPhase;
			buildActionMask = 2147483647;
			files = (
			);
			runOnlyForDeploymentPostprocessing = 0;
		};
		3A7F4C4E1D6A30E1003D3B6F /* Sources */ = {
			isa = PBXSourcesBuildPhase;
			buildActionMask = 2147483647;
			files = (
			);
			runOnlyForDeploymentPostprocessing = 0;
		};
		3A7F4C5B1D6A310C003D3B6F /* Sources */ = {
			isa = PBXSourcesBuildPhase;
			buildActionMask = 2147483647;
			files = (
			);
			runOnlyForDeploymentPostprocessing = 0;
		};
/* End PBXSourcesBuildPhase section */

/* Begin XCBuildConfiguration section */
		3A7F4C3E1D6A308E003D3B6F /* Debug */ = {
			isa = XCBuildConfiguration;
			buildSettings = {
				VALID_ARCHS = "i386 x86_64 arm64 armv7 armv7s";
			};
			name = Debug;
		};
		3A7F4C3F1D6A308E003D3B6F /* Release */ = {
			isa = XCBuildConfiguration;
			buildSettings = {
				VALID_ARCHS = "i386 x86_64 arm64 armv7 armv7s";
			};
			name = Release;
		};
		3A7F4C4C1D6A30C3003D3B6F /* Debug */ = {
			isa = XCBuildConfiguration;
			buildSettings = {
				ALWAYS_SEARCH_USER_PATHS = NO;
				CLANG_ANALYZER_NONNULL = YES;
				CLANG_CXX_LANGUAGE_STANDARD = "gnu++0x";
				CLANG_CXX_LIBRARY = "libc++";
				CLANG_ENABLE_MODULES = YES;
				CLANG_ENABLE_OBJC_ARC = YES;
				CLANG_WARN_BOOL_CONVERSION = YES;
				CLANG_WARN_CONSTANT_CONVERSION = YES;
				CLANG_WARN_DIRECT_OBJC_ISA_USAGE = YES_ERROR;
				CLANG_WARN_EMPTY_BODY = YES;
				CLANG_WARN_ENUM_CONVERSION = YES;
				CLANG_WARN_INT_CONVERSION = YES;
				CLANG_WARN_OBJC_ROOT_CLASS = YES_ERROR;
				CLANG_WARN_UNREACHABLE_CODE = YES;
				CLANG_WARN__DUPLICATE_METHOD_MATCH = YES;
				"CODE_SIGN_IDENTITY[sdk=iphoneos*]" = "iPhone Developer";
				COPY_PHASE_STRIP = NO;
				CURRENT_PROJECT_VERSION = 1;
				DEBUG_INFORMATION_FORMAT = dwarf;
				DEFINES_MODULE = YES;
				DYLIB_COMPATIBILITY_VERSION = 1;
				DYLIB_CURRENT_VERSION = 1;
				DYLIB_INSTALL_NAME_BASE = "@rpath";
				ENABLE_STRICT_OBJC_MSGSEND = YES;
				ENABLE_TESTABILITY = YES;
				GCC_C_LANGUAGE_STANDARD = gnu99;
				GCC_DYNAMIC_NO_PIC = NO;
				GCC_NO_COMMON_BLOCKS = YES;
				GCC_OPTIMIZATION_LEVEL = 0;
				GCC_PREPROCESSOR_DEFINITIONS = (
					"DEBUG=1",
					"$(inherited)",
				);
				GCC_WARN_64_TO_32_BIT_CONVERSION = YES;
				GCC_WARN_ABOUT_RETURN_TYPE = YES_ERROR;
				GCC_WARN_UNDECLARED_SELECTOR = YES;
				GCC_WARN_UNINITIALIZED_AUTOS = YES_AGGRESSIVE;
				GCC_WARN_UNUSED_FUNCTION = YES;
				GCC_WARN_UNUSED_VARIABLE = YES;
				INFOPLIST_FILE = "Shared/Info-iOS.plist";
				INSTALL_PATH = "$(LOCAL_LIBRARY_DIR)/Frameworks";
				IPHONEOS_DEPLOYMENT_TARGET = 9.3;
				LD_RUNPATH_SEARCH_PATHS = "$(inherited) @executable_path/Frameworks @loader_path/Frameworks";
				MTL_ENABLE_DEBUG_INFO = YES;
				ONLY_ACTIVE_ARCH = YES;
				PRODUCT_BUNDLE_IDENTIFIER = "com.iagd.coreflightanimation-ios.CoreFlightAnimation-iOS";
				PRODUCT_NAME = "$(TARGET_NAME)";
				SDKROOT = iphoneos;
				SKIP_INSTALL = YES;
				SWIFT_OPTIMIZATION_LEVEL = "-Onone";
				TARGETED_DEVICE_FAMILY = "1,2";
				VALID_ARCHS = "arm64 armv7 armv7s";
				VERSIONING_SYSTEM = "apple-generic";
				VERSION_INFO_PREFIX = "";
			};
			name = Debug;
		};
		3A7F4C4D1D6A30C3003D3B6F /* Release */ = {
			isa = XCBuildConfiguration;
			buildSettings = {
				ALWAYS_SEARCH_USER_PATHS = NO;
				CLANG_ANALYZER_NONNULL = YES;
				CLANG_CXX_LANGUAGE_STANDARD = "gnu++0x";
				CLANG_CXX_LIBRARY = "libc++";
				CLANG_ENABLE_MODULES = YES;
				CLANG_ENABLE_OBJC_ARC = YES;
				CLANG_WARN_BOOL_CONVERSION = YES;
				CLANG_WARN_CONSTANT_CONVERSION = YES;
				CLANG_WARN_DIRECT_OBJC_ISA_USAGE = YES_ERROR;
				CLANG_WARN_EMPTY_BODY = YES;
				CLANG_WARN_ENUM_CONVERSION = YES;
				CLANG_WARN_INT_CONVERSION = YES;
				CLANG_WARN_OBJC_ROOT_CLASS = YES_ERROR;
				CLANG_WARN_UNREACHABLE_CODE = YES;
				CLANG_WARN__DUPLICATE_METHOD_MATCH = YES;
				"CODE_SIGN_IDENTITY[sdk=iphoneos*]" = "iPhone Developer";
				COPY_PHASE_STRIP = NO;
				CURRENT_PROJECT_VERSION = 1;
				DEBUG_INFORMATION_FORMAT = "dwarf-with-dsym";
				DEFINES_MODULE = YES;
				DYLIB_COMPATIBILITY_VERSION = 1;
				DYLIB_CURRENT_VERSION = 1;
				DYLIB_INSTALL_NAME_BASE = "@rpath";
				ENABLE_NS_ASSERTIONS = NO;
				ENABLE_STRICT_OBJC_MSGSEND = YES;
				GCC_C_LANGUAGE_STANDARD = gnu99;
				GCC_NO_COMMON_BLOCKS = YES;
				GCC_WARN_64_TO_32_BIT_CONVERSION = YES;
				GCC_WARN_ABOUT_RETURN_TYPE = YES_ERROR;
				GCC_WARN_UNDECLARED_SELECTOR = YES;
				GCC_WARN_UNINITIALIZED_AUTOS = YES_AGGRESSIVE;
				GCC_WARN_UNUSED_FUNCTION = YES;
				GCC_WARN_UNUSED_VARIABLE = YES;
				INFOPLIST_FILE = "Shared/Info-iOS.plist";
				INSTALL_PATH = "$(LOCAL_LIBRARY_DIR)/Frameworks";
				IPHONEOS_DEPLOYMENT_TARGET = 9.3;
				LD_RUNPATH_SEARCH_PATHS = "$(inherited) @executable_path/Frameworks @loader_path/Frameworks";
				MTL_ENABLE_DEBUG_INFO = NO;
				PRODUCT_BUNDLE_IDENTIFIER = "com.iagd.coreflightanimation-ios.CoreFlightAnimation-iOS";
				PRODUCT_NAME = "$(TARGET_NAME)";
				SDKROOT = iphoneos;
				SKIP_INSTALL = YES;
				TARGETED_DEVICE_FAMILY = "1,2";
				VALIDATE_PRODUCT = YES;
				VALID_ARCHS = "arm64 armv7 armv7s";
				VERSIONING_SYSTEM = "apple-generic";
				VERSION_INFO_PREFIX = "";
			};
			name = Release;
		};
		3A7F4C591D6A30E1003D3B6F /* Debug */ = {
			isa = XCBuildConfiguration;
			buildSettings = {
				ALWAYS_SEARCH_USER_PATHS = NO;
				CLANG_ANALYZER_NONNULL = YES;
				CLANG_CXX_LANGUAGE_STANDARD = "gnu++0x";
				CLANG_CXX_LIBRARY = "libc++";
				CLANG_ENABLE_MODULES = YES;
				CLANG_ENABLE_OBJC_ARC = YES;
				CLANG_WARN_BOOL_CONVERSION = YES;
				CLANG_WARN_CONSTANT_CONVERSION = YES;
				CLANG_WARN_DIRECT_OBJC_ISA_USAGE = YES_ERROR;
				CLANG_WARN_EMPTY_BODY = YES;
				CLANG_WARN_ENUM_CONVERSION = YES;
				CLANG_WARN_INT_CONVERSION = YES;
				CLANG_WARN_OBJC_ROOT_CLASS = YES_ERROR;
				CLANG_WARN_UNREACHABLE_CODE = YES;
				CLANG_WARN__DUPLICATE_METHOD_MATCH = YES;
				COPY_PHASE_STRIP = NO;
				CURRENT_PROJECT_VERSION = 1;
				DEBUG_INFORMATION_FORMAT = dwarf;
				DEFINES_MODULE = YES;
				DYLIB_COMPATIBILITY_VERSION = 1;
				DYLIB_CURRENT_VERSION = 1;
				DYLIB_INSTALL_NAME_BASE = "@rpath";
				ENABLE_STRICT_OBJC_MSGSEND = YES;
				ENABLE_TESTABILITY = YES;
				GCC_C_LANGUAGE_STANDARD = gnu99;
				GCC_DYNAMIC_NO_PIC = NO;
				GCC_NO_COMMON_BLOCKS = YES;
				GCC_OPTIMIZATION_LEVEL = 0;
				GCC_PREPROCESSOR_DEFINITIONS = (
					"DEBUG=1",
					"$(inherited)",
				);
				GCC_WARN_64_TO_32_BIT_CONVERSION = YES;
				GCC_WARN_ABOUT_RETURN_TYPE = YES_ERROR;
				GCC_WARN_UNDECLARED_SELECTOR = YES;
				GCC_WARN_UNINITIALIZED_AUTOS = YES_AGGRESSIVE;
				GCC_WARN_UNUSED_FUNCTION = YES;
				GCC_WARN_UNUSED_VARIABLE = YES;
				INFOPLIST_FILE = "Shared/Info-tvOS.plist";
				INSTALL_PATH = "$(LOCAL_LIBRARY_DIR)/Frameworks";
				LD_RUNPATH_SEARCH_PATHS = "$(inherited) @executable_path/Frameworks @loader_path/Frameworks";
				MTL_ENABLE_DEBUG_INFO = YES;
				ONLY_ACTIVE_ARCH = YES;
				PRODUCT_BUNDLE_IDENTIFIER = "com.iagd.coreflightanimation-tvOS.CoreFlightAnimation-tvOS";
				PRODUCT_NAME = "$(TARGET_NAME)";
				SDKROOT = appletvos;
				SKIP_INSTALL = YES;
				SWIFT_OPTIMIZATION_LEVEL = "-Onone";
				TARGETED_DEVICE_FAMILY = 3;
				TVOS_DEPLOYMENT_TARGET = 9.2;
				VALID_ARCHS = "arm64 armv7 armv7s";
				VERSIONING_SYSTEM = "apple-generic";
				VERSION_INFO_PREFIX = "";
			};
			name = Debug;
		};
		3A7F4C5A1D6A30E1003D3B6F /* Release */ = {
			isa = XCBuildConfiguration;
			buildSettings = {
				ALWAYS_SEARCH_USER_PATHS = NO;
				CLANG_ANALYZER_NONNULL = YES;
				CLANG_CXX_LANGUAGE_STANDARD = "gnu++0x";
				CLANG_CXX_LIBRARY = "libc++";
				CLANG_ENABLE_MODULES = YES;
				CLANG_ENABLE_OBJC_ARC = YES;
				CLANG_WARN_BOOL_CONVERSION = YES;
				CLANG_WARN_CONSTANT_CONVERSION = YES;
				CLANG_WARN_DIRECT_OBJC_ISA_USAGE = YES_ERROR;
				CLANG_WARN_EMPTY_BODY = YES;
				CLANG_WARN_ENUM_CONVERSION = YES;
				CLANG_WARN_INT_CONVERSION = YES;
				CLANG_WARN_OBJC_ROOT_CLASS = YES_ERROR;
				CLANG_WARN_UNREACHABLE_CODE = YES;
				CLANG_WARN__DUPLICATE_METHOD_MATCH = YES;
				COPY_PHASE_STRIP = NO;
				CURRENT_PROJECT_VERSION = 1;
				DEBUG_INFORMATION_FORMAT = "dwarf-with-dsym";
				DEFINES_MODULE = YES;
				DYLIB_COMPATIBILITY_VERSION = 1;
				DYLIB_CURRENT_VERSION = 1;
				DYLIB_INSTALL_NAME_BASE = "@rpath";
				ENABLE_NS_ASSERTIONS = NO;
				ENABLE_STRICT_OBJC_MSGSEND = YES;
				GCC_C_LANGUAGE_STANDARD = gnu99;
				GCC_NO_COMMON_BLOCKS = YES;
				GCC_WARN_64_TO_32_BIT_CONVERSION = YES;
				GCC_WARN_ABOUT_RETURN_TYPE = YES_ERROR;
				GCC_WARN_UNDECLARED_SELECTOR = YES;
				GCC_WARN_UNINITIALIZED_AUTOS = YES_AGGRESSIVE;
				GCC_WARN_UNUSED_FUNCTION = YES;
				GCC_WARN_UNUSED_VARIABLE = YES;
				INFOPLIST_FILE = "Shared/Info-tvOS.plist";
				INSTALL_PATH = "$(LOCAL_LIBRARY_DIR)/Frameworks";
				LD_RUNPATH_SEARCH_PATHS = "$(inherited) @executable_path/Frameworks @loader_path/Frameworks";
				MTL_ENABLE_DEBUG_INFO = NO;
				PRODUCT_BUNDLE_IDENTIFIER = "com.iagd.coreflightanimation-tvOS.CoreFlightAnimation-tvOS";
				PRODUCT_NAME = "$(TARGET_NAME)";
				SDKROOT = appletvos;
				SKIP_INSTALL = YES;
				TARGETED_DEVICE_FAMILY = 3;
				TVOS_DEPLOYMENT_TARGET = 9.2;
				VALIDATE_PRODUCT = YES;
				VALID_ARCHS = "arm64 armv7 armv7s";
				VERSIONING_SYSTEM = "apple-generic";
				VERSION_INFO_PREFIX = "";
			};
			name = Release;
		};
		3A7F4C661D6A310C003D3B6F /* Debug */ = {
			isa = XCBuildConfiguration;
			buildSettings = {
				ALWAYS_SEARCH_USER_PATHS = NO;
				CLANG_ANALYZER_NONNULL = YES;
				CLANG_CXX_LANGUAGE_STANDARD = "gnu++0x";
				CLANG_CXX_LIBRARY = "libc++";
				CLANG_ENABLE_MODULES = YES;
				CLANG_ENABLE_OBJC_ARC = YES;
				CLANG_WARN_BOOL_CONVERSION = YES;
				CLANG_WARN_CONSTANT_CONVERSION = YES;
				CLANG_WARN_DIRECT_OBJC_ISA_USAGE = YES_ERROR;
				CLANG_WARN_EMPTY_BODY = YES;
				CLANG_WARN_ENUM_CONVERSION = YES;
				CLANG_WARN_INT_CONVERSION = YES;
				CLANG_WARN_OBJC_ROOT_CLASS = YES_ERROR;
				CLANG_WARN_UNREACHABLE_CODE = YES;
				CLANG_WARN__DUPLICATE_METHOD_MATCH = YES;
				CODE_SIGN_IDENTITY = "-";
				COMBINE_HIDPI_IMAGES = YES;
				COPY_PHASE_STRIP = NO;
				CURRENT_PROJECT_VERSION = 1;
				DEBUG_INFORMATION_FORMAT = dwarf;
				DEFINES_MODULE = YES;
				DYLIB_COMPATIBILITY_VERSION = 1;
				DYLIB_CURRENT_VERSION = 1;
				DYLIB_INSTALL_NAME_BASE = "@rpath";
				ENABLE_STRICT_OBJC_MSGSEND = YES;
				ENABLE_TESTABILITY = YES;
				FRAMEWORK_VERSION = A;
				GCC_C_LANGUAGE_STANDARD = gnu99;
				GCC_DYNAMIC_NO_PIC = NO;
				GCC_NO_COMMON_BLOCKS = YES;
				GCC_OPTIMIZATION_LEVEL = 0;
				GCC_PREPROCESSOR_DEFINITIONS = (
					"DEBUG=1",
					"$(inherited)",
				);
				GCC_WARN_64_TO_32_BIT_CONVERSION = YES;
				GCC_WARN_ABOUT_RETURN_TYPE = YES_ERROR;
				GCC_WARN_UNDECLARED_SELECTOR = YES;
				GCC_WARN_UNINITIALIZED_AUTOS = YES_AGGRESSIVE;
				GCC_WARN_UNUSED_FUNCTION = YES;
				GCC_WARN_UNUSED_VARIABLE = YES;
				INFOPLIST_FILE = "Shared/Info-OSX.plist";
				INSTALL_PATH = "$(LOCAL_LIBRARY_DIR)/Frameworks";
				LD_RUNPATH_SEARCH_PATHS = "$(inherited) @executable_path/../Frameworks @loader_path/Frameworks";
				MACOSX_DEPLOYMENT_TARGET = 10.11;
				MTL_ENABLE_DEBUG_INFO = YES;
				ONLY_ACTIVE_ARCH = YES;
				PRODUCT_BUNDLE_IDENTIFIER = "com.iagd.coreflightanimation-OSX.CoreFlightAnimation-OSX";
				PRODUCT_NAME = "$(TARGET_NAME)";
				SDKROOT = macosx;
				SKIP_INSTALL = YES;
				SWIFT_OPTIMIZATION_LEVEL = "-Onone";
				VALID_ARCHS = "i386 x86_64";
				VERSIONING_SYSTEM = "apple-generic";
				VERSION_INFO_PREFIX = "";
			};
			name = Debug;
		};
		3A7F4C671D6A310C003D3B6F /* Release */ = {
			isa = XCBuildConfiguration;
			buildSettings = {
				ALWAYS_SEARCH_USER_PATHS = NO;
				CLANG_ANALYZER_NONNULL = YES;
				CLANG_CXX_LANGUAGE_STANDARD = "gnu++0x";
				CLANG_CXX_LIBRARY = "libc++";
				CLANG_ENABLE_MODULES = YES;
				CLANG_ENABLE_OBJC_ARC = YES;
				CLANG_WARN_BOOL_CONVERSION = YES;
				CLANG_WARN_CONSTANT_CONVERSION = YES;
				CLANG_WARN_DIRECT_OBJC_ISA_USAGE = YES_ERROR;
				CLANG_WARN_EMPTY_BODY = YES;
				CLANG_WARN_ENUM_CONVERSION = YES;
				CLANG_WARN_INT_CONVERSION = YES;
				CLANG_WARN_OBJC_ROOT_CLASS = YES_ERROR;
				CLANG_WARN_UNREACHABLE_CODE = YES;
				CLANG_WARN__DUPLICATE_METHOD_MATCH = YES;
				CODE_SIGN_IDENTITY = "-";
				COMBINE_HIDPI_IMAGES = YES;
				COPY_PHASE_STRIP = NO;
				CURRENT_PROJECT_VERSION = 1;
				DEBUG_INFORMATION_FORMAT = "dwarf-with-dsym";
				DEFINES_MODULE = YES;
				DYLIB_COMPATIBILITY_VERSION = 1;
				DYLIB_CURRENT_VERSION = 1;
				DYLIB_INSTALL_NAME_BASE = "@rpath";
				ENABLE_NS_ASSERTIONS = NO;
				ENABLE_STRICT_OBJC_MSGSEND = YES;
				FRAMEWORK_VERSION = A;
				GCC_C_LANGUAGE_STANDARD = gnu99;
				GCC_NO_COMMON_BLOCKS = YES;
				GCC_WARN_64_TO_32_BIT_CONVERSION = YES;
				GCC_WARN_ABOUT_RETURN_TYPE = YES_ERROR;
				GCC_WARN_UNDECLARED_SELECTOR = YES;
				GCC_WARN_UNINITIALIZED_AUTOS = YES_AGGRESSIVE;
				GCC_WARN_UNUSED_FUNCTION = YES;
				GCC_WARN_UNUSED_VARIABLE = YES;
				INFOPLIST_FILE = "Shared/Info-OSX.plist";
				INSTALL_PATH = "$(LOCAL_LIBRARY_DIR)/Frameworks";
				LD_RUNPATH_SEARCH_PATHS = "$(inherited) @executable_path/../Frameworks @loader_path/Frameworks";
				MACOSX_DEPLOYMENT_TARGET = 10.11;
				MTL_ENABLE_DEBUG_INFO = NO;
				PRODUCT_BUNDLE_IDENTIFIER = "com.iagd.coreflightanimation-OSX.CoreFlightAnimation-OSX";
				PRODUCT_NAME = "$(TARGET_NAME)";
				SDKROOT = macosx;
				SKIP_INSTALL = YES;
				VALID_ARCHS = "i386 x86_64";
				VERSIONING_SYSTEM = "apple-generic";
				VERSION_INFO_PREFIX = "";
			};
			name = Release;
		};
/* End XCBuildConfiguration section */

/* Begin XCConfigurationList section */
		3A7F4C3D1D6A308E003D3B6F /* Build configuration list for PBXProject "CoreFlightAnimation" */ = {
			isa = XCConfigurationList;
			buildConfigurations = (
				3A7F4C3E1D6A308E003D3B6F /* Debug */,
				3A7F4C3F1D6A308E003D3B6F /* Release */,
			);
			defaultConfigurationIsVisible = 0;
			defaultConfigurationName = Release;
		};
		3A7F4C4B1D6A30C3003D3B6F /* Build configuration list for PBXNativeTarget "CoreFlightAnimation-iOS" */ = {
			isa = XCConfigurationList;
			buildConfigurations = (
				3A7F4C4C1D6A30C3003D3B6F /* Debug */,
				3A7F4C4D1D6A30C3003D3B6F /* Release */,
			);
			defaultConfigurationIsVisible = 0;
			defaultConfigurationName = Release;
		};
		3A7F4C581D6A30E1003D3B6F /* Build configuration list for PBXNativeTarget "CoreFlightAnimation-tvOS" */ = {
			isa = XCConfigurationList;
			buildConfigurations = (
				3A7F4C591D6A30E1003D3B6F /* Debug */,
				3A7F4C5A1D6A30E1003D3B6F /* Release */,
			);
			defaultConfigurationIsVisible = 0;
			defaultConfigurationName = Release;
		};
		3A7F4C651D6A310C003D3B6F /* Build configuration list for PBXNativeTarget "CoreFlightAnimation-OSX" */ = {
			isa = XCConfigurationList;
			buildConfigurations = (
				3A7F4C661D6A310C003D3B6F /* Debug */,
				3A7F4C671D6A310C003D3B6F /* Release */,
			);
			defaultConfigurationIsVisible = 0;
			defaultConfigurationName = Release;
		};
/* End XCConfigurationList section */
	};
	rootObject = 3A7F4C3A1D6A308E003D3B6F /* Project object */;
}
