// !$*UTF8*$!
{
	archiveVersion = 1;
	classes = {
	};
	objectVersion = 46;
	objects = {

/* Begin PBXBuildFile section */
		134057F51D6781DE006D584E /* Assets.xcassets in Resources */ = {isa = PBXBuildFile; fileRef = 134057F41D6781DE006D584E /* Assets.xcassets */; };
		3ADCBB941D654D4700BBD71C /* LaunchScreen.storyboard in Resources */ = {isa = PBXBuildFile; fileRef = 3ADCBB921D654D4700BBD71C /* LaunchScreen.storyboard */; };
		3ADCBBA41D654EDC00BBD71C /* AppDelegate.swift in Sources */ = {isa = PBXBuildFile; fileRef = 3ADCBB9C1D654EDC00BBD71C /* AppDelegate.swift */; };
		3ADCBBA51D654EDC00BBD71C /* ConfigurationView.swift in Sources */ = {isa = PBXBuildFile; fileRef = 3ADCBB9D1D654EDC00BBD71C /* ConfigurationView.swift */; };
		3ADCBBA61D654EDC00BBD71C /* CurveSelectionCollectionViewCell.swift in Sources */ = {isa = PBXBuildFile; fileRef = 3ADCBB9E1D654EDC00BBD71C /* CurveSelectionCollectionViewCell.swift */; };
		3ADCBBA71D654EDC00BBD71C /* HGAlignment.swift in Sources */ = {isa = PBXBuildFile; fileRef = 3ADCBBA01D654EDC00BBD71C /* HGAlignment.swift */; };
		3ADCBBA81D654EDC00BBD71C /* UIColor+RGBA.swift in Sources */ = {isa = PBXBuildFile; fileRef = 3ADCBBA11D654EDC00BBD71C /* UIColor+RGBA.swift */; };
		3ADCBBA91D654EDC00BBD71C /* ViewController.swift in Sources */ = {isa = PBXBuildFile; fileRef = 3ADCBBA21D654EDC00BBD71C /* ViewController.swift */; };
		3ADCBBAA1D654EDC00BBD71C /* ViewController+Animation.swift in Sources */ = {isa = PBXBuildFile; fileRef = 3ADCBBA31D654EDC00BBD71C /* ViewController+Animation.swift */; };
		3AE43A5D1D77F99700AD522C /* ConfigurationView+Animation.swift in Sources */ = {isa = PBXBuildFile; fileRef = 3AE43A5C1D77F99700AD522C /* ConfigurationView+Animation.swift */; };
		3AE43AB21D7A4F1800AD522C /* CoreFlightAnimation.framework in Frameworks */ = {isa = PBXBuildFile; fileRef = 3AE43AB11D7A4F1800AD522C /* CoreFlightAnimation.framework */; };
/* End PBXBuildFile section */

/* Begin PBXFileReference section */
		134057F41D6781DE006D584E /* Assets.xcassets */ = {isa = PBXFileReference; lastKnownFileType = folder.assetcatalog; path = Assets.xcassets; sourceTree = "<group>"; };
		3ADCBB861D654D4700BBD71C /* CoreFlightAnimation-Demo.app */ = {isa = PBXFileReference; explicitFileType = wrapper.application; includeInIndex = 0; path = "CoreFlightAnimation-Demo.app"; sourceTree = BUILT_PRODUCTS_DIR; };
		3ADCBB931D654D4700BBD71C /* Base */ = {isa = PBXFileReference; lastKnownFileType = file.storyboard; name = Base; path = Base.lproj/LaunchScreen.storyboard; sourceTree = "<group>"; };
		3ADCBB951D654D4700BBD71C /* Info.plist */ = {isa = PBXFileReference; lastKnownFileType = text.plist.xml; path = Info.plist; sourceTree = "<group>"; };
		3ADCBB9C1D654EDC00BBD71C /* AppDelegate.swift */ = {isa = PBXFileReference; fileEncoding = 4; lastKnownFileType = sourcecode.swift; path = AppDelegate.swift; sourceTree = "<group>"; };
		3ADCBB9D1D654EDC00BBD71C /* ConfigurationView.swift */ = {isa = PBXFileReference; fileEncoding = 4; lastKnownFileType = sourcecode.swift; path = ConfigurationView.swift; sourceTree = "<group>"; };
		3ADCBB9E1D654EDC00BBD71C /* CurveSelectionCollectionViewCell.swift */ = {isa = PBXFileReference; fileEncoding = 4; lastKnownFileType = sourcecode.swift; path = CurveSelectionCollectionViewCell.swift; sourceTree = "<group>"; };
		3ADCBB9F1D654EDC00BBD71C /* FlightAnimatorRetro-Demo-Bridging-Header.h */ = {isa = PBXFileReference; fileEncoding = 4; lastKnownFileType = sourcecode.c.h; path = "FlightAnimatorRetro-Demo-Bridging-Header.h"; sourceTree = "<group>"; };
		3ADCBBA01D654EDC00BBD71C /* HGAlignment.swift */ = {isa = PBXFileReference; fileEncoding = 4; lastKnownFileType = sourcecode.swift; path = HGAlignment.swift; sourceTree = "<group>"; };
		3ADCBBA11D654EDC00BBD71C /* UIColor+RGBA.swift */ = {isa = PBXFileReference; fileEncoding = 4; lastKnownFileType = sourcecode.swift; path = "UIColor+RGBA.swift"; sourceTree = "<group>"; };
		3ADCBBA21D654EDC00BBD71C /* ViewController.swift */ = {isa = PBXFileReference; fileEncoding = 4; lastKnownFileType = sourcecode.swift; path = ViewController.swift; sourceTree = "<group>"; };
		3ADCBBA31D654EDC00BBD71C /* ViewController+Animation.swift */ = {isa = PBXFileReference; fileEncoding = 4; lastKnownFileType = sourcecode.swift; path = "ViewController+Animation.swift"; sourceTree = "<group>"; };
		3AE43A5C1D77F99700AD522C /* ConfigurationView+Animation.swift */ = {isa = PBXFileReference; fileEncoding = 4; lastKnownFileType = sourcecode.swift; path = "ConfigurationView+Animation.swift"; sourceTree = "<group>"; };
		3AE43AB11D7A4F1800AD522C /* CoreFlightAnimation.framework */ = {isa = PBXFileReference; lastKnownFileType = wrapper.framework; name = CoreFlightAnimation.framework; path = "../../../../../Library/Developer/Xcode/DerivedData/CoreFlightAnimation-chmylffdiuiukubalgcpggugpvxv/Build/Products/Debug-iphonesimulator/CoreFlightAnimation.framework"; sourceTree = "<group>"; };
/* End PBXFileReference section */

/* Begin PBXFrameworksBuildPhase section */
		3ADCBB831D654D4700BBD71C /* Frameworks */ = {
			isa = PBXFrameworksBuildPhase;
			buildActionMask = 2147483647;
			files = (
				3AE43AB21D7A4F1800AD522C /* CoreFlightAnimation.framework in Frameworks */,
			);
			runOnlyForDeploymentPostprocessing = 0;
		};
/* End PBXFrameworksBuildPhase section */

/* Begin PBXGroup section */
		3A7F4C381D655A30003D3B6F /* Project Source */ = {
			isa = PBXGroup;
			children = (
				3ADCBB9C1D654EDC00BBD71C /* AppDelegate.swift */,
				3ADCBB9D1D654EDC00BBD71C /* ConfigurationView.swift */,
				3ADCBB9E1D654EDC00BBD71C /* CurveSelectionCollectionViewCell.swift */,
				3ADCBBA01D654EDC00BBD71C /* HGAlignment.swift */,
				3ADCBBA11D654EDC00BBD71C /* UIColor+RGBA.swift */,
				3ADCBBA21D654EDC00BBD71C /* ViewController.swift */,
			);
			name = "Project Source";
			sourceTree = "<group>";
		};
		3ADCBB7D1D654D4700BBD71C = {
			isa = PBXGroup;
			children = (
				3AE43AB11D7A4F1800AD522C /* CoreFlightAnimation.framework */,
				3ADCBB881D654D4700BBD71C /* CoreFlightAnimationDemo */,
				3ADCBB871D654D4700BBD71C /* Products */,
			);
			sourceTree = "<group>";
		};
		3ADCBB871D654D4700BBD71C /* Products */ = {
			isa = PBXGroup;
			children = (
				3ADCBB861D654D4700BBD71C /* CoreFlightAnimation-Demo.app */,
			);
			name = Products;
			sourceTree = "<group>";
		};
		3ADCBB881D654D4700BBD71C /* CoreFlightAnimationDemo */ = {
			isa = PBXGroup;
			children = (
				3ADCBBA31D654EDC00BBD71C /* ViewController+Animation.swift */,
				3AE43A5C1D77F99700AD522C /* ConfigurationView+Animation.swift */,
				3A7F4C381D655A30003D3B6F /* Project Source */,
				3ADCBB9B1D654E7900BBD71C /* SupportingFiles */,
			);
			path = CoreFlightAnimationDemo;
			sourceTree = "<group>";
		};
		3ADCBB9B1D654E7900BBD71C /* SupportingFiles */ = {
			isa = PBXGroup;
			children = (
				134057F41D6781DE006D584E /* Assets.xcassets */,
				3ADCBB9F1D654EDC00BBD71C /* FlightAnimatorRetro-Demo-Bridging-Header.h */,
				3ADCBB921D654D4700BBD71C /* LaunchScreen.storyboard */,
				3ADCBB951D654D4700BBD71C /* Info.plist */,
			);
			name = SupportingFiles;
			sourceTree = "<group>";
		};
/* End PBXGroup section */

/* Begin PBXNativeTarget section */
		3ADCBB851D654D4700BBD71C /* CoreFlightAnimation-Demo */ = {
			isa = PBXNativeTarget;
			buildConfigurationList = 3ADCBB981D654D4700BBD71C /* Build configuration list for PBXNativeTarget "CoreFlightAnimation-Demo" */;
			buildPhases = (
				3ADCBB821D654D4700BBD71C /* Sources */,
				3ADCBB831D654D4700BBD71C /* Frameworks */,
				3ADCBB841D654D4700BBD71C /* Resources */,
			);
			buildRules = (
			);
			dependencies = (
			);
			name = "CoreFlightAnimation-Demo";
			productName = CoreFlightAnimationDemo;
			productReference = 3ADCBB861D654D4700BBD71C /* CoreFlightAnimation-Demo.app */;
			productType = "com.apple.product-type.application";
		};
/* End PBXNativeTarget section */

/* Begin PBXProject section */
		3ADCBB7E1D654D4700BBD71C /* Project object */ = {
			isa = PBXProject;
			attributes = {
				LastSwiftUpdateCheck = 0730;
				LastUpgradeCheck = 0730;
				ORGANIZATIONNAME = "Anton Doudarev";
				TargetAttributes = {
					3ADCBB851D654D4700BBD71C = {
						CreatedOnToolsVersion = 7.3.1;
					};
				};
			};
			buildConfigurationList = 3ADCBB811D654D4700BBD71C /* Build configuration list for PBXProject "CoreFlightAnimation-Demo" */;
			compatibilityVersion = "Xcode 3.2";
			developmentRegion = English;
			hasScannedForEncodings = 0;
			knownRegions = (
				en,
				Base,
			);
			mainGroup = 3ADCBB7D1D654D4700BBD71C;
			productRefGroup = 3ADCBB871D654D4700BBD71C /* Products */;
			projectDirPath = "";
			projectRoot = "";
			targets = (
				3ADCBB851D654D4700BBD71C /* CoreFlightAnimation-Demo */,
			);
		};
/* End PBXProject section */

/* Begin PBXResourcesBuildPhase section */
		3ADCBB841D654D4700BBD71C /* Resources */ = {
			isa = PBXResourcesBuildPhase;
			buildActionMask = 2147483647;
			files = (
				134057F51D6781DE006D584E /* Assets.xcassets in Resources */,
				3ADCBB941D654D4700BBD71C /* LaunchScreen.storyboard in Resources */,
			);
			runOnlyForDeploymentPostprocessing = 0;
		};
/* End PBXResourcesBuildPhase section */

/* Begin PBXSourcesBuildPhase section */
		3ADCBB821D654D4700BBD71C /* Sources */ = {
			isa = PBXSourcesBuildPhase;
			buildActionMask = 2147483647;
			files = (
				3ADCBBA91D654EDC00BBD71C /* ViewController.swift in Sources */,
				3ADCBBA61D654EDC00BBD71C /* CurveSelectionCollectionViewCell.swift in Sources */,
				3ADCBBA41D654EDC00BBD71C /* AppDelegate.swift in Sources */,
				3AE43A5D1D77F99700AD522C /* ConfigurationView+Animation.swift in Sources */,
				3ADCBBA81D654EDC00BBD71C /* UIColor+RGBA.swift in Sources */,
				3ADCBBA71D654EDC00BBD71C /* HGAlignment.swift in Sources */,
				3ADCBBA51D654EDC00BBD71C /* ConfigurationView.swift in Sources */,
				3ADCBBAA1D654EDC00BBD71C /* ViewController+Animation.swift in Sources */,
			);
			runOnlyForDeploymentPostprocessing = 0;
		};
/* End PBXSourcesBuildPhase section */

/* Begin PBXVariantGroup section */
		3ADCBB921D654D4700BBD71C /* LaunchScreen.storyboard */ = {
			isa = PBXVariantGroup;
			children = (
				3ADCBB931D654D4700BBD71C /* Base */,
			);
			name = LaunchScreen.storyboard;
			sourceTree = "<group>";
		};
/* End PBXVariantGroup section */

/* Begin XCBuildConfiguration section */
		3ADCBB961D654D4700BBD71C /* Debug */ = {
			isa = XCBuildConfiguration;
			buildSettings = {
				ALWAYS_SEARCH_USER_PATHS = NO;
				CLANG_ANALYZER_NONNULL = YES;
				CLANG_CXX_LANGUAGE_STANDARD = "gnu++0x";
				CLANG_CXX_LIBRARY = "libc++";
				CLANG_ENABLE_MODULES = YES;
				CLANG_ENABLE_OBJC_ARC = YES;
				CLANG_WARN_BOOL_CONVERSION = YES;
				CLANG_WARN_CONSTANT_CONVERSION = YES;
				CLANG_WARN_DIRECT_OBJC_ISA_USAGE = YES_ERROR;
				CLANG_WARN_EMPTY_BODY = YES;
				CLANG_WARN_ENUM_CONVERSION = YES;
				CLANG_WARN_INT_CONVERSION = YES;
				CLANG_WARN_OBJC_ROOT_CLASS = YES_ERROR;
				CLANG_WARN_UNREACHABLE_CODE = YES;
				CLANG_WARN__DUPLICATE_METHOD_MATCH = YES;
				"CODE_SIGN_IDENTITY[sdk=iphoneos*]" = "iPhone Developer";
				COPY_PHASE_STRIP = NO;
				DEBUG_INFORMATION_FORMAT = dwarf;
				ENABLE_STRICT_OBJC_MSGSEND = YES;
				ENABLE_TESTABILITY = YES;
				GCC_C_LANGUAGE_STANDARD = gnu99;
				GCC_DYNAMIC_NO_PIC = NO;
				GCC_NO_COMMON_BLOCKS = YES;
				GCC_OPTIMIZATION_LEVEL = 0;
				GCC_PREPROCESSOR_DEFINITIONS = (
					"DEBUG=1",
					"$(inherited)",
				);
				GCC_WARN_64_TO_32_BIT_CONVERSION = YES;
				GCC_WARN_ABOUT_RETURN_TYPE = YES_ERROR;
				GCC_WARN_UNDECLARED_SELECTOR = YES;
				GCC_WARN_UNINITIALIZED_AUTOS = YES_AGGRESSIVE;
				GCC_WARN_UNUSED_FUNCTION = YES;
				GCC_WARN_UNUSED_VARIABLE = YES;
				IPHONEOS_DEPLOYMENT_TARGET = 9.3;
				MTL_ENABLE_DEBUG_INFO = YES;
				ONLY_ACTIVE_ARCH = YES;
				SDKROOT = iphoneos;
				SWIFT_OPTIMIZATION_LEVEL = "-Onone";
			};
			name = Debug;
		};
		3ADCBB971D654D4700BBD71C /* Release */ = {
			isa = XCBuildConfiguration;
			buildSettings = {
				ALWAYS_SEARCH_USER_PATHS = NO;
				CLANG_ANALYZER_NONNULL = YES;
				CLANG_CXX_LANGUAGE_STANDARD = "gnu++0x";
				CLANG_CXX_LIBRARY = "libc++";
				CLANG_ENABLE_MODULES = YES;
				CLANG_ENABLE_OBJC_ARC = YES;
				CLANG_WARN_BOOL_CONVERSION = YES;
				CLANG_WARN_CONSTANT_CONVERSION = YES;
				CLANG_WARN_DIRECT_OBJC_ISA_USAGE = YES_ERROR;
				CLANG_WARN_EMPTY_BODY = YES;
				CLANG_WARN_ENUM_CONVERSION = YES;
				CLANG_WARN_INT_CONVERSION = YES;
				CLANG_WARN_OBJC_ROOT_CLASS = YES_ERROR;
				CLANG_WARN_UNREACHABLE_CODE = YES;
				CLANG_WARN__DUPLICATE_METHOD_MATCH = YES;
				"CODE_SIGN_IDENTITY[sdk=iphoneos*]" = "iPhone Developer";
				COPY_PHASE_STRIP = NO;
				DEBUG_INFORMATION_FORMAT = "dwarf-with-dsym";
				ENABLE_NS_ASSERTIONS = NO;
				ENABLE_STRICT_OBJC_MSGSEND = YES;
				GCC_C_LANGUAGE_STANDARD = gnu99;
				GCC_NO_COMMON_BLOCKS = YES;
				GCC_WARN_64_TO_32_BIT_CONVERSION = YES;
				GCC_WARN_ABOUT_RETURN_TYPE = YES_ERROR;
				GCC_WARN_UNDECLARED_SELECTOR = YES;
				GCC_WARN_UNINITIALIZED_AUTOS = YES_AGGRESSIVE;
				GCC_WARN_UNUSED_FUNCTION = YES;
				GCC_WARN_UNUSED_VARIABLE = YES;
				IPHONEOS_DEPLOYMENT_TARGET = 9.3;
				MTL_ENABLE_DEBUG_INFO = NO;
				SDKROOT = iphoneos;
				VALIDATE_PRODUCT = YES;
			};
			name = Release;
		};
		3ADCBB991D654D4700BBD71C /* Debug */ = {
			isa = XCBuildConfiguration;
			buildSettings = {
				ASSETCATALOG_COMPILER_APPICON_NAME = AppIcon;
				CLANG_ENABLE_MODULES = YES;
				INFOPLIST_FILE = CoreFlightAnimationDemo/Info.plist;
				LD_RUNPATH_SEARCH_PATHS = "$(inherited) @executable_path/Frameworks";
				PRODUCT_BUNDLE_IDENTIFIER = com.iagd.coreflightanimation.CoreFlightAnimationDemo;
				PRODUCT_NAME = "CoreFlightAnimation-Demo";
				SWIFT_OPTIMIZATION_LEVEL = "-Onone";
			};
			name = Debug;
		};
		3ADCBB9A1D654D4700BBD71C /* Release */ = {
			isa = XCBuildConfiguration;
			buildSettings = {
				ASSETCATALOG_COMPILER_APPICON_NAME = AppIcon;
				CLANG_ENABLE_MODULES = YES;
				INFOPLIST_FILE = CoreFlightAnimationDemo/Info.plist;
				LD_RUNPATH_SEARCH_PATHS = "$(inherited) @executable_path/Frameworks";
				PRODUCT_BUNDLE_IDENTIFIER = com.iagd.coreflightanimation.CoreFlightAnimationDemo;
				PRODUCT_NAME = "CoreFlightAnimation-Demo";
			};
			name = Release;
		};
/* End XCBuildConfiguration section */

/* Begin XCConfigurationList section */
		3ADCBB811D654D4700BBD71C /* Build configuration list for PBXProject "CoreFlightAnimation-Demo" */ = {
			isa = XCConfigurationList;
			buildConfigurations = (
				3ADCBB961D654D4700BBD71C /* Debug */,
				3ADCBB971D654D4700BBD71C /* Release */,
			);
			defaultConfigurationIsVisible = 0;
			defaultConfigurationName = Release;
		};
		3ADCBB981D654D4700BBD71C /* Build configuration list for PBXNativeTarget "CoreFlightAnimation-Demo" */ = {
			isa = XCConfigurationList;
			buildConfigurations = (
				3ADCBB991D654D4700BBD71C /* Debug */,
				3ADCBB9A1D654D4700BBD71C /* Release */,
			);
			defaultConfigurationIsVisible = 0;
			defaultConfigurationName = Release;
		};
/* End XCConfigurationList section */
	};
	rootObject = 3ADCBB7E1D654D4700BBD71C /* Project object */;
}
